
Microsoft Visual Studio Solution File, Format Version 12.00
Project("{FAE04EC0-301F-11D3-BF4B-00C04F79EFBC}") = "LicenseExam", "LicenseExam\LicenseExam.csproj", "{0D5F1D2E-EDBE-4408-8E0C-32B5E61D5584}"
EndProject
Global
	GlobalSection(SolutionConfigurationPlatforms) = preSolution
		Debug|Any CPU = Debug|Any CPU
		Release|Any CPU = Release|Any CPU
	EndGlobalSection
	GlobalSection(ProjectConfigurationPlatforms) = postSolution
		{0D5F1D2E-EDBE-4408-8E0C-32B5E61D5584}.Debug|Any CPU.ActiveCfg = Debug|Any CPU
		{0D5F1D2E-EDBE-4408-8E0C-32B5E61D5584}.Debug|Any CPU.Build.0 = Debug|Any CPU
		{0D5F1D2E-EDBE-4408-8E0C-32B5E61D5584}.Release|Any CPU.ActiveCfg = Release|Any CPU
		{0D5F1D2E-EDBE-4408-8E0C-32B5E61D5584}.Release|Any CPU.Build.0 = Release|Any CPU
	EndGlobalSection
EndGlobal
